
Microsoft Visual Studio Solution File, Format Version 12.00
# Visual Studio 15
VisualStudioVersion = 15.0.26124.0
MinimumVisualStudioVersion = 15.0.26124.0
Project("{FAE04EC0-301F-11D3-BF4B-00C04F79EFBC}") = "Lib", "Lib\Lib.csproj", "{3CF074AA-084A-40FD-9044-AE191D9A0079}"
EndProject
Project("{FAE04EC0-301F-11D3-BF4B-00C04F79EFBC}") = "ConsoleApp", "ConsoleApp\ConsoleApp.csproj", "{EEF265B5-B326-4818-95DA-F765BB8FB03B}"
EndProject
Project("{FAE04EC0-301F-11D3-BF4B-00C04F79EFBC}") = "PhishingExcelCreator.Tests", "PhishingExcelCreator.Tests\PhishingExcelCreator.Tests.csproj", "{90581A2F-288D-42AD-9CB1-7A090AD07377}"
EndProject
Global
	GlobalSection(SolutionConfigurationPlatforms) = preSolution
		Debug|Any CPU = Debug|Any CPU
		Debug|x64 = Debug|x64
		Debug|x86 = Debug|x86
		Release|Any CPU = Release|Any CPU
		Release|x64 = Release|x64
		Release|x86 = Release|x86
	EndGlobalSection
	GlobalSection(SolutionProperties) = preSolution
		HideSolutionNode = FALSE
	EndGlobalSection
	GlobalSection(ProjectConfigurationPlatforms) = postSolution
		{3CF074AA-084A-40FD-9044-AE191D9A0079}.Debug|Any CPU.ActiveCfg = Debug|Any CPU
		{3CF074AA-084A-40FD-9044-AE191D9A0079}.Debug|Any CPU.Build.0 = Debug|Any CPU
		{3CF074AA-084A-40FD-9044-AE191D9A0079}.Debug|x64.ActiveCfg = Debug|Any CPU
		{3CF074AA-084A-40FD-9044-AE191D9A0079}.Debug|x64.Build.0 = Debug|Any CPU
		{3CF074AA-084A-40FD-9044-AE191D9A0079}.Debug|x86.ActiveCfg = Debug|Any CPU
		{3CF074AA-084A-40FD-9044-AE191D9A0079}.Debug|x86.Build.0 = Debug|Any CPU
		{3CF074AA-084A-40FD-9044-AE191D9A0079}.Release|Any CPU.ActiveCfg = Release|Any CPU
		{3CF074AA-084A-40FD-9044-AE191D9A0079}.Release|Any CPU.Build.0 = Release|Any CPU
		{3CF074AA-084A-40FD-9044-AE191D9A0079}.Release|x64.ActiveCfg = Release|Any CPU
		{3CF074AA-084A-40FD-9044-AE191D9A0079}.Release|x64.Build.0 = Release|Any CPU
		{3CF074AA-084A-40FD-9044-AE191D9A0079}.Release|x86.ActiveCfg = Release|Any CPU
		{3CF074AA-084A-40FD-9044-AE191D9A0079}.Release|x86.Build.0 = Release|Any CPU
		{EEF265B5-B326-4818-95DA-F765BB8FB03B}.Debug|Any CPU.ActiveCfg = Debug|Any CPU
		{EEF265B5-B326-4818-95DA-F765BB8FB03B}.Debug|Any CPU.Build.0 = Debug|Any CPU
		{EEF265B5-B326-4818-95DA-F765BB8FB03B}.Debug|x64.ActiveCfg = Debug|Any CPU
		{EEF265B5-B326-4818-95DA-F765BB8FB03B}.Debug|x64.Build.0 = Debug|Any CPU
		{EEF265B5-B326-4818-95DA-F765BB8FB03B}.Debug|x86.ActiveCfg = Debug|Any CPU
		{EEF265B5-B326-4818-95DA-F765BB8FB03B}.Debug|x86.Build.0 = Debug|Any CPU
		{EEF265B5-B326-4818-95DA-F765BB8FB03B}.Release|Any CPU.ActiveCfg = Release|Any CPU
		{EEF265B5-B326-4818-95DA-F765BB8FB03B}.Release|Any CPU.Build.0 = Release|Any CPU
		{EEF265B5-B326-4818-95DA-F765BB8FB03B}.Release|x64.ActiveCfg = Release|Any CPU
		{EEF265B5-B326-4818-95DA-F765BB8FB03B}.Release|x64.Build.0 = Release|Any CPU
		{EEF265B5-B326-4818-95DA-F765BB8FB03B}.Release|x86.ActiveCfg = Release|Any CPU
		{EEF265B5-B326-4818-95DA-F765BB8FB03B}.Release|x86.Build.0 = Release|Any CPU
		{90581A2F-288D-42AD-9CB1-7A090AD07377}.Debug|Any CPU.ActiveCfg = Debug|Any CPU
		{90581A2F-288D-42AD-9CB1-7A090AD07377}.Debug|Any CPU.Build.0 = Debug|Any CPU
		{90581A2F-288D-42AD-9CB1-7A090AD07377}.Debug|x64.ActiveCfg = Debug|Any CPU
		{90581A2F-288D-42AD-9CB1-7A090AD07377}.Debug|x64.Build.0 = Debug|Any CPU
		{90581A2F-288D-42AD-9CB1-7A090AD07377}.Debug|x86.ActiveCfg = Debug|Any CPU
		{90581A2F-288D-42AD-9CB1-7A090AD07377}.Debug|x86.Build.0 = Debug|Any CPU
		{90581A2F-288D-42AD-9CB1-7A090AD07377}.Release|Any CPU.ActiveCfg = Release|Any CPU
		{90581A2F-288D-42AD-9CB1-7A090AD07377}.Release|Any CPU.Build.0 = Release|Any CPU
		{90581A2F-288D-42AD-9CB1-7A090AD07377}.Release|x64.ActiveCfg = Release|Any CPU
		{90581A2F-288D-42AD-9CB1-7A090AD07377}.Release|x64.Build.0 = Release|Any CPU
		{90581A2F-288D-42AD-9CB1-7A090AD07377}.Release|x86.ActiveCfg = Release|Any CPU
		{90581A2F-288D-42AD-9CB1-7A090AD07377}.Release|x86.Build.0 = Release|Any CPU
	EndGlobalSection
EndGlobal
